{
  "originHash" : "8ad286ec4759dcfa572356475237f3bb983c5e8a626f863786f0ea0206828158",
  "pins" : [
    {
      "identity" : "presto",
      "kind" : "remoteSourceControl",
      "location" : "https://github.com/Project-Academy/Presto",
      "state" : {
        "branch" : "main",
        "revision" : "a3b48a78b835e7dca873b2d9cc653e9cbc2fdef6"
      }
    }
  ],
  "version" : 3
}
